// !$*UTF8*$!
{
	archiveVersion = 1;
	classes = {
	};
	objectVersion = 51;
	objects = {

/* Begin PBXBuildFile section */
		7C2B8D6AEBEB0B48CFC06C4F /* Pods_RealEstateShorts.framework in Frameworks */ = {isa = PBXBuildFile; fileRef = 75EA760BD8503FA8882BCAE6 /* Pods_RealEstateShorts.framework */; };
		9DA8AE439C4B437929B076E2 /* Pods_RealEstateShortsTests.framework in Frameworks */ = {isa = PBXBuildFile; fileRef = 2E93537ADED65269DFE5DB7C /* Pods_RealEstateShortsTests.framework */; };
		BA411578263FB284006F1E29 /* PlayfairDisplay-Bold.ttf in Resources */ = {isa = PBXBuildFile; fileRef = BA41156A263FB284006F1E29 /* PlayfairDisplay-Bold.ttf */; };
		BA411579263FB284006F1E29 /* PlayfairDisplay-SemiBold.ttf in Resources */ = {isa = PBXBuildFile; fileRef = BA41156B263FB284006F1E29 /* PlayfairDisplay-SemiBold.ttf */; };
		BA41157A263FB284006F1E29 /* PlayfairDisplay-Medium.ttf in Resources */ = {isa = PBXBuildFile; fileRef = BA41156C263FB284006F1E29 /* PlayfairDisplay-Medium.ttf */; };
		BA41157B263FB284006F1E29 /* PlayfairDisplay-BoldItalic.ttf in Resources */ = {isa = PBXBuildFile; fileRef = BA41156D263FB284006F1E29 /* PlayfairDisplay-BoldItalic.ttf */; };
		BA41157C263FB284006F1E29 /* PlayfairDisplay-VariableFont_wght.ttf in Resources */ = {isa = PBXBuildFile; fileRef = BA41156E263FB284006F1E29 /* PlayfairDisplay-VariableFont_wght.ttf */; };
		BA41157D263FB284006F1E29 /* PlayfairDisplay-ExtraBoldItalic.ttf in Resources */ = {isa = PBXBuildFile; fileRef = BA41156F263FB284006F1E29 /* PlayfairDisplay-ExtraBoldItalic.ttf */; };
		BA41157E263FB284006F1E29 /* PlayfairDisplay-Italic.ttf in Resources */ = {isa = PBXBuildFile; fileRef = BA411570263FB284006F1E29 /* PlayfairDisplay-Italic.ttf */; };
		BA41157F263FB284006F1E29 /* PlayfairDisplay-Regular.ttf in Resources */ = {isa = PBXBuildFile; fileRef = BA411571263FB284006F1E29 /* PlayfairDisplay-Regular.ttf */; };
		BA411580263FB284006F1E29 /* PlayfairDisplay-Italic-VariableFont_wght.ttf in Resources */ = {isa = PBXBuildFile; fileRef = BA411572263FB284006F1E29 /* PlayfairDisplay-Italic-VariableFont_wght.ttf */; };
		BA411581263FB284006F1E29 /* PlayfairDisplay-Black.ttf in Resources */ = {isa = PBXBuildFile; fileRef = BA411573263FB284006F1E29 /* PlayfairDisplay-Black.ttf */; };
		BA411582263FB284006F1E29 /* PlayfairDisplay-SemiBoldItalic.ttf in Resources */ = {isa = PBXBuildFile; fileRef = BA411574263FB284006F1E29 /* PlayfairDisplay-SemiBoldItalic.ttf */; };
		BA411583263FB284006F1E29 /* PlayfairDisplay-MediumItalic.ttf in Resources */ = {isa = PBXBuildFile; fileRef = BA411575263FB284006F1E29 /* PlayfairDisplay-MediumItalic.ttf */; };
		BA411584263FB284006F1E29 /* PlayfairDisplay-BlackItalic.ttf in Resources */ = {isa = PBXBuildFile; fileRef = BA411576263FB284006F1E29 /* PlayfairDisplay-BlackItalic.ttf */; };
		BA411585263FB284006F1E29 /* PlayfairDisplay-ExtraBold.ttf in Resources */ = {isa = PBXBuildFile; fileRef = BA411577263FB284006F1E29 /* PlayfairDisplay-ExtraBold.ttf */; };
		BA411587264018BB006F1E29 /* SearchScreenVC.swift in Sources */ = {isa = PBXBuildFile; fileRef = BA411586264018BA006F1E29 /* SearchScreenVC.swift */; };
		BA942EBB263D450200C9A092 /* AppDelegate.swift in Sources */ = {isa = PBXBuildFile; fileRef = BA942EBA263D450200C9A092 /* AppDelegate.swift */; };
		BA942EBD263D450200C9A092 /* SceneDelegate.swift in Sources */ = {isa = PBXBuildFile; fileRef = BA942EBC263D450200C9A092 /* SceneDelegate.swift */; };
		BA942EBF263D450200C9A092 /* ViewController.swift in Sources */ = {isa = PBXBuildFile; fileRef = BA942EBE263D450200C9A092 /* ViewController.swift */; };
		BA942EC2263D450200C9A092 /* Main.storyboard in Resources */ = {isa = PBXBuildFile; fileRef = BA942EC0263D450200C9A092 /* Main.storyboard */; };
		BA942EC5263D450200C9A092 /* RealEstateShorts.xcdatamodeld in Sources */ = {isa = PBXBuildFile; fileRef = BA942EC3263D450200C9A092 /* RealEstateShorts.xcdatamodeld */; };
		BA942EC7263D450B00C9A092 /* Assets.xcassets in Resources */ = {isa = PBXBuildFile; fileRef = BA942EC6263D450B00C9A092 /* Assets.xcassets */; };
		BA942ECA263D450B00C9A092 /* LaunchScreen.storyboard in Resources */ = {isa = PBXBuildFile; fileRef = BA942EC8263D450B00C9A092 /* LaunchScreen.storyboard */; };
		BA942ED5263D450C00C9A092 /* RealEstateShortsTests.swift in Sources */ = {isa = PBXBuildFile; fileRef = BA942ED4263D450C00C9A092 /* RealEstateShortsTests.swift */; };
		BA942EE0263D450C00C9A092 /* RealEstateShortsUITests.swift in Sources */ = {isa = PBXBuildFile; fileRef = BA942EDF263D450C00C9A092 /* RealEstateShortsUITests.swift */; };
		BA942EEF263D460A00C9A092 /* LounchScreenVC.swift in Sources */ = {isa = PBXBuildFile; fileRef = BA942EEE263D460A00C9A092 /* LounchScreenVC.swift */; };
		BA942EF1263D4C8D00C9A092 /* BaseScreenVC.swift in Sources */ = {isa = PBXBuildFile; fileRef = BA942EF0263D4C8C00C9A092 /* BaseScreenVC.swift */; };
		BA942EF4263D523A00C9A092 /* ViewAnimation.swift in Sources */ = {isa = PBXBuildFile; fileRef = BA942EF3263D523A00C9A092 /* ViewAnimation.swift */; };
		BA942EFF263D59E900C9A092 /* Sora-VariableFont_wght.ttf in Resources */ = {isa = PBXBuildFile; fileRef = BA942EF5263D59E800C9A092 /* Sora-VariableFont_wght.ttf */; };
		BA942F00263D59E900C9A092 /* Sora-Thin.ttf in Resources */ = {isa = PBXBuildFile; fileRef = BA942EF7263D59E800C9A092 /* Sora-Thin.ttf */; };
		BA942F01263D59E900C9A092 /* Sora-ExtraBold.ttf in Resources */ = {isa = PBXBuildFile; fileRef = BA942EF8263D59E800C9A092 /* Sora-ExtraBold.ttf */; };
		BA942F02263D59E900C9A092 /* Sora-Bold.ttf in Resources */ = {isa = PBXBuildFile; fileRef = BA942EF9263D59E900C9A092 /* Sora-Bold.ttf */; };
		BA942F03263D59E900C9A092 /* Sora-Light.ttf in Resources */ = {isa = PBXBuildFile; fileRef = BA942EFA263D59E900C9A092 /* Sora-Light.ttf */; };
		BA942F04263D59E900C9A092 /* Sora-Regular.ttf in Resources */ = {isa = PBXBuildFile; fileRef = BA942EFB263D59E900C9A092 /* Sora-Regular.ttf */; };
		BA942F05263D59E900C9A092 /* Sora-Medium.ttf in Resources */ = {isa = PBXBuildFile; fileRef = BA942EFC263D59E900C9A092 /* Sora-Medium.ttf */; };
		BA942F06263D59E900C9A092 /* Sora-SemiBold.ttf in Resources */ = {isa = PBXBuildFile; fileRef = BA942EFD263D59E900C9A092 /* Sora-SemiBold.ttf */; };
		BA942F07263D59E900C9A092 /* Sora-ExtraLight.ttf in Resources */ = {isa = PBXBuildFile; fileRef = BA942EFE263D59E900C9A092 /* Sora-ExtraLight.ttf */; };
		BA942F09263D5C3F00C9A092 /* GuideSeenOneVC.swift in Sources */ = {isa = PBXBuildFile; fileRef = BA942F08263D5C3F00C9A092 /* GuideSeenOneVC.swift */; };
		BA942F0B263D5D0400C9A092 /* GuideSeenTwoVC.swift in Sources */ = {isa = PBXBuildFile; fileRef = BA942F0A263D5D0400C9A092 /* GuideSeenTwoVC.swift */; };
		BA942F0D263D5F0300C9A092 /* GuideSeenThreeVC.swift in Sources */ = {isa = PBXBuildFile; fileRef = BA942F0C263D5F0300C9A092 /* GuideSeenThreeVC.swift */; };
		BA942F0F263D608900C9A092 /* LoginseenVC.swift in Sources */ = {isa = PBXBuildFile; fileRef = BA942F0E263D608900C9A092 /* LoginseenVC.swift */; };
		BA942F11263D6A2300C9A092 /* RegistartionseenVC.swift in Sources */ = {isa = PBXBuildFile; fileRef = BA942F10263D6A2300C9A092 /* RegistartionseenVC.swift */; };
		BA942F13263D6E4500C9A092 /* DashBoard.storyboard in Resources */ = {isa = PBXBuildFile; fileRef = BA942F12263D6E4500C9A092 /* DashBoard.storyboard */; };
		BA942F30263D741700C9A092 /* HomeseenVC.swift in Sources */ = {isa = PBXBuildFile; fileRef = BA942F2F263D741700C9A092 /* HomeseenVC.swift */; };
		BA942F32263D743700C9A092 /* BookMarkSeenVC.swift in Sources */ = {isa = PBXBuildFile; fileRef = BA942F31263D743700C9A092 /* BookMarkSeenVC.swift */; };
		BA942F34263D745700C9A092 /* AccountSeenVC.swift in Sources */ = {isa = PBXBuildFile; fileRef = BA942F33263D745700C9A092 /* AccountSeenVC.swift */; };
		BA942F36263D748300C9A092 /* TabBarVC.swift in Sources */ = {isa = PBXBuildFile; fileRef = BA942F35263D748300C9A092 /* TabBarVC.swift */; };
		CE847B3EE8FCEAF21DF78BC9 /* Pods_RealEstateShorts_RealEstateShortsUITests.framework in Frameworks */ = {isa = PBXBuildFile; fileRef = 507787DB5360B4D4697C768E /* Pods_RealEstateShorts_RealEstateShortsUITests.framework */; };
/* End PBXBuildFile section */

/* Begin PBXContainerItemProxy section */
		BA942ED1263D450C00C9A092 /* PBXContainerItemProxy */ = {
			isa = PBXContainerItemProxy;
			containerPortal = BA942EAF263D450100C9A092 /* Project object */;
			proxyType = 1;
			remoteGlobalIDString = BA942EB6263D450200C9A092;
			remoteInfo = RealEstateShorts;
		};
		BA942EDC263D450C00C9A092 /* PBXContainerItemProxy */ = {
			isa = PBXContainerItemProxy;
			containerPortal = BA942EAF263D450100C9A092 /* Project object */;
			proxyType = 1;
			remoteGlobalIDString = BA942EB6263D450200C9A092;
			remoteInfo = RealEstateShorts;
		};
/* End PBXContainerItemProxy section */

/* Begin PBXFileReference section */
		2E93537ADED65269DFE5DB7C /* Pods_RealEstateShortsTests.framework */ = {isa = PBXFileReference; explicitFileType = wrapper.framework; includeInIndex = 0; path = Pods_RealEstateShortsTests.framework; sourceTree = BUILT_PRODUCTS_DIR; };
		507787DB5360B4D4697C768E /* Pods_RealEstateShorts_RealEstateShortsUITests.framework */ = {isa = PBXFileReference; explicitFileType = wrapper.framework; includeInIndex = 0; path = Pods_RealEstateShorts_RealEstateShortsUITests.framework; sourceTree = BUILT_PRODUCTS_DIR; };
		664005EF8DE73DD4A2C711AE /* Pods-RealEstateShortsTests.debug.xcconfig */ = {isa = PBXFileReference; includeInIndex = 1; lastKnownFileType = text.xcconfig; name = "Pods-RealEstateShortsTests.debug.xcconfig"; path = "Target Support Files/Pods-RealEstateShortsTests/Pods-RealEstateShortsTests.debug.xcconfig"; sourceTree = "<group>"; };
		6813D18345370A77099FD3F8 /* Pods-RealEstateShortsTests.release.xcconfig */ = {isa = PBXFileReference; includeInIndex = 1; lastKnownFileType = text.xcconfig; name = "Pods-RealEstateShortsTests.release.xcconfig"; path = "Target Support Files/Pods-RealEstateShortsTests/Pods-RealEstateShortsTests.release.xcconfig"; sourceTree = "<group>"; };
		75EA760BD8503FA8882BCAE6 /* Pods_RealEstateShorts.framework */ = {isa = PBXFileReference; explicitFileType = wrapper.framework; includeInIndex = 0; path = Pods_RealEstateShorts.framework; sourceTree = BUILT_PRODUCTS_DIR; };
		9ED346847F1D76ED8CB6C0F3 /* Pods-RealEstateShorts.release.xcconfig */ = {isa = PBXFileReference; includeInIndex = 1; lastKnownFileType = text.xcconfig; name = "Pods-RealEstateShorts.release.xcconfig"; path = "Target Support Files/Pods-RealEstateShorts/Pods-RealEstateShorts.release.xcconfig"; sourceTree = "<group>"; };
		BA41156A263FB284006F1E29 /* PlayfairDisplay-Bold.ttf */ = {isa = PBXFileReference; lastKnownFileType = file; path = "PlayfairDisplay-Bold.ttf"; sourceTree = "<group>"; };
		BA41156B263FB284006F1E29 /* PlayfairDisplay-SemiBold.ttf */ = {isa = PBXFileReference; lastKnownFileType = file; path = "PlayfairDisplay-SemiBold.ttf"; sourceTree = "<group>"; };
		BA41156C263FB284006F1E29 /* PlayfairDisplay-Medium.ttf */ = {isa = PBXFileReference; lastKnownFileType = file; path = "PlayfairDisplay-Medium.ttf"; sourceTree = "<group>"; };
		BA41156D263FB284006F1E29 /* PlayfairDisplay-BoldItalic.ttf */ = {isa = PBXFileReference; lastKnownFileType = file; path = "PlayfairDisplay-BoldItalic.ttf"; sourceTree = "<group>"; };
		BA41156E263FB284006F1E29 /* PlayfairDisplay-VariableFont_wght.ttf */ = {isa = PBXFileReference; lastKnownFileType = file; path = "PlayfairDisplay-VariableFont_wght.ttf"; sourceTree = "<group>"; };
		BA41156F263FB284006F1E29 /* PlayfairDisplay-ExtraBoldItalic.ttf */ = {isa = PBXFileReference; lastKnownFileType = file; path = "PlayfairDisplay-ExtraBoldItalic.ttf"; sourceTree = "<group>"; };
		BA411570263FB284006F1E29 /* PlayfairDisplay-Italic.ttf */ = {isa = PBXFileReference; lastKnownFileType = file; path = "PlayfairDisplay-Italic.ttf"; sourceTree = "<group>"; };
		BA411571263FB284006F1E29 /* PlayfairDisplay-Regular.ttf */ = {isa = PBXFileReference; lastKnownFileType = file; path = "PlayfairDisplay-Regular.ttf"; sourceTree = "<group>"; };
		BA411572263FB284006F1E29 /* PlayfairDisplay-Italic-VariableFont_wght.ttf */ = {isa = PBXFileReference; lastKnownFileType = file; path = "PlayfairDisplay-Italic-VariableFont_wght.ttf"; sourceTree = "<group>"; };
		BA411573263FB284006F1E29 /* PlayfairDisplay-Black.ttf */ = {isa = PBXFileReference; lastKnownFileType = file; path = "PlayfairDisplay-Black.ttf"; sourceTree = "<group>"; };
		BA411574263FB284006F1E29 /* PlayfairDisplay-SemiBoldItalic.ttf */ = {isa = PBXFileReference; lastKnownFileType = file; path = "PlayfairDisplay-SemiBoldItalic.ttf"; sourceTree = "<group>"; };
		BA411575263FB284006F1E29 /* PlayfairDisplay-MediumItalic.ttf */ = {isa = PBXFileReference; lastKnownFileType = file; path = "PlayfairDisplay-MediumItalic.ttf"; sourceTree = "<group>"; };
		BA411576263FB284006F1E29 /* PlayfairDisplay-BlackItalic.ttf */ = {isa = PBXFileReference; lastKnownFileType = file; path = "PlayfairDisplay-BlackItalic.ttf"; sourceTree = "<group>"; };
		BA411577263FB284006F1E29 /* PlayfairDisplay-ExtraBold.ttf */ = {isa = PBXFileReference; lastKnownFileType = file; path = "PlayfairDisplay-ExtraBold.ttf"; sourceTree = "<group>"; };
		BA411586264018BA006F1E29 /* SearchScreenVC.swift */ = {isa = PBXFileReference; lastKnownFileType = sourcecode.swift; path = SearchScreenVC.swift; sourceTree = "<group>"; };
		BA942EB7263D450200C9A092 /* RealEstateShorts.app */ = {isa = PBXFileReference; explicitFileType = wrapper.application; includeInIndex = 0; path = RealEstateShorts.app; sourceTree = BUILT_PRODUCTS_DIR; };
		BA942EBA263D450200C9A092 /* AppDelegate.swift */ = {isa = PBXFileReference; lastKnownFileType = sourcecode.swift; path = AppDelegate.swift; sourceTree = "<group>"; };
		BA942EBC263D450200C9A092 /* SceneDelegate.swift */ = {isa = PBXFileReference; lastKnownFileType = sourcecode.swift; path = SceneDelegate.swift; sourceTree = "<group>"; };
		BA942EBE263D450200C9A092 /* ViewController.swift */ = {isa = PBXFileReference; lastKnownFileType = sourcecode.swift; path = ViewController.swift; sourceTree = "<group>"; };
		BA942EC1263D450200C9A092 /* Base */ = {isa = PBXFileReference; lastKnownFileType = file.storyboard; name = Base; path = Base.lproj/Main.storyboard; sourceTree = "<group>"; };
		BA942EC4263D450200C9A092 /* RealEstateShorts.xcdatamodel */ = {isa = PBXFileReference; lastKnownFileType = wrapper.xcdatamodel; path = RealEstateShorts.xcdatamodel; sourceTree = "<group>"; };
		BA942EC6263D450B00C9A092 /* Assets.xcassets */ = {isa = PBXFileReference; lastKnownFileType = folder.assetcatalog; path = Assets.xcassets; sourceTree = "<group>"; };
		BA942EC9263D450B00C9A092 /* Base */ = {isa = PBXFileReference; lastKnownFileType = file.storyboard; name = Base; path = Base.lproj/LaunchScreen.storyboard; sourceTree = "<group>"; };
		BA942ECB263D450B00C9A092 /* Info.plist */ = {isa = PBXFileReference; lastKnownFileType = text.plist.xml; path = Info.plist; sourceTree = "<group>"; };
		BA942ED0263D450C00C9A092 /* RealEstateShortsTests.xctest */ = {isa = PBXFileReference; explicitFileType = wrapper.cfbundle; includeInIndex = 0; path = RealEstateShortsTests.xctest; sourceTree = BUILT_PRODUCTS_DIR; };
		BA942ED4263D450C00C9A092 /* RealEstateShortsTests.swift */ = {isa = PBXFileReference; lastKnownFileType = sourcecode.swift; path = RealEstateShortsTests.swift; sourceTree = "<group>"; };
		BA942ED6263D450C00C9A092 /* Info.plist */ = {isa = PBXFileReference; lastKnownFileType = text.plist.xml; path = Info.plist; sourceTree = "<group>"; };
		BA942EDB263D450C00C9A092 /* RealEstateShortsUITests.xctest */ = {isa = PBXFileReference; explicitFileType = wrapper.cfbundle; includeInIndex = 0; path = RealEstateShortsUITests.xctest; sourceTree = BUILT_PRODUCTS_DIR; };
		BA942EDF263D450C00C9A092 /* RealEstateShortsUITests.swift */ = {isa = PBXFileReference; lastKnownFileType = sourcecode.swift; path = RealEstateShortsUITests.swift; sourceTree = "<group>"; };
		BA942EE1263D450C00C9A092 /* Info.plist */ = {isa = PBXFileReference; lastKnownFileType = text.plist.xml; path = Info.plist; sourceTree = "<group>"; };
		BA942EEE263D460A00C9A092 /* LounchScreenVC.swift */ = {isa = PBXFileReference; lastKnownFileType = sourcecode.swift; path = LounchScreenVC.swift; sourceTree = "<group>"; };
		BA942EF0263D4C8C00C9A092 /* BaseScreenVC.swift */ = {isa = PBXFileReference; lastKnownFileType = sourcecode.swift; path = BaseScreenVC.swift; sourceTree = "<group>"; };
		BA942EF3263D523A00C9A092 /* ViewAnimation.swift */ = {isa = PBXFileReference; lastKnownFileType = sourcecode.swift; path = ViewAnimation.swift; sourceTree = "<group>"; };
		BA942EF5263D59E800C9A092 /* Sora-VariableFont_wght.ttf */ = {isa = PBXFileReference; lastKnownFileType = file; path = "Sora-VariableFont_wght.ttf"; sourceTree = "<group>"; };
		BA942EF7263D59E800C9A092 /* Sora-Thin.ttf */ = {isa = PBXFileReference; lastKnownFileType = file; path = "Sora-Thin.ttf"; sourceTree = "<group>"; };
		BA942EF8263D59E800C9A092 /* Sora-ExtraBold.ttf */ = {isa = PBXFileReference; lastKnownFileType = file; path = "Sora-ExtraBold.ttf"; sourceTree = "<group>"; };
		BA942EF9263D59E900C9A092 /* Sora-Bold.ttf */ = {isa = PBXFileReference; lastKnownFileType = file; path = "Sora-Bold.ttf"; sourceTree = "<group>"; };
		BA942EFA263D59E900C9A092 /* Sora-Light.ttf */ = {isa = PBXFileReference; lastKnownFileType = file; path = "Sora-Light.ttf"; sourceTree = "<group>"; };
		BA942EFB263D59E900C9A092 /* Sora-Regular.ttf */ = {isa = PBXFileReference; lastKnownFileType = file; path = "Sora-Regular.ttf"; sourceTree = "<group>"; };
		BA942EFC263D59E900C9A092 /* Sora-Medium.ttf */ = {isa = PBXFileReference; lastKnownFileType = file; path = "Sora-Medium.ttf"; sourceTree = "<group>"; };
		BA942EFD263D59E900C9A092 /* Sora-SemiBold.ttf */ = {isa = PBXFileReference; lastKnownFileType = file; path = "Sora-SemiBold.ttf"; sourceTree = "<group>"; };
		BA942EFE263D59E900C9A092 /* Sora-ExtraLight.ttf */ = {isa = PBXFileReference; lastKnownFileType = file; path = "Sora-ExtraLight.ttf"; sourceTree = "<group>"; };
		BA942F08263D5C3F00C9A092 /* GuideSeenOneVC.swift */ = {isa = PBXFileReference; lastKnownFileType = sourcecode.swift; path = GuideSeenOneVC.swift; sourceTree = "<group>"; };
		BA942F0A263D5D0400C9A092 /* GuideSeenTwoVC.swift */ = {isa = PBXFileReference; lastKnownFileType = sourcecode.swift; path = GuideSeenTwoVC.swift; sourceTree = "<group>"; };
		BA942F0C263D5F0300C9A092 /* GuideSeenThreeVC.swift */ = {isa = PBXFileReference; lastKnownFileType = sourcecode.swift; path = GuideSeenThreeVC.swift; sourceTree = "<group>"; };
		BA942F0E263D608900C9A092 /* LoginseenVC.swift */ = {isa = PBXFileReference; lastKnownFileType = sourcecode.swift; path = LoginseenVC.swift; sourceTree = "<group>"; };
		BA942F10263D6A2300C9A092 /* RegistartionseenVC.swift */ = {isa = PBXFileReference; lastKnownFileType = sourcecode.swift; path = RegistartionseenVC.swift; sourceTree = "<group>"; };
		BA942F12263D6E4500C9A092 /* DashBoard.storyboard */ = {isa = PBXFileReference; lastKnownFileType = file.storyboard; path = DashBoard.storyboard; sourceTree = "<group>"; };
		BA942F2F263D741700C9A092 /* HomeseenVC.swift */ = {isa = PBXFileReference; lastKnownFileType = sourcecode.swift; path = HomeseenVC.swift; sourceTree = "<group>"; };
		BA942F31263D743700C9A092 /* BookMarkSeenVC.swift */ = {isa = PBXFileReference; lastKnownFileType = sourcecode.swift; path = BookMarkSeenVC.swift; sourceTree = "<group>"; };
		BA942F33263D745700C9A092 /* AccountSeenVC.swift */ = {isa = PBXFileReference; lastKnownFileType = sourcecode.swift; path = AccountSeenVC.swift; sourceTree = "<group>"; };
		BA942F35263D748300C9A092 /* TabBarVC.swift */ = {isa = PBXFileReference; lastKnownFileType = sourcecode.swift; path = TabBarVC.swift; sourceTree = "<group>"; };
		CCD7CAEC9AF45BB7F691AE01 /* Pods-RealEstateShorts-RealEstateShortsUITests.debug.xcconfig */ = {isa = PBXFileReference; includeInIndex = 1; lastKnownFileType = text.xcconfig; name = "Pods-RealEstateShorts-RealEstateShortsUITests.debug.xcconfig"; path = "Target Support Files/Pods-RealEstateShorts-RealEstateShortsUITests/Pods-RealEstateShorts-RealEstateShortsUITests.debug.xcconfig"; sourceTree = "<group>"; };
		CEE55BD7FC3F5CC3FCFEC9AD /* Pods-RealEstateShorts.debug.xcconfig */ = {isa = PBXFileReference; includeInIndex = 1; lastKnownFileType = text.xcconfig; name = "Pods-RealEstateShorts.debug.xcconfig"; path = "Target Support Files/Pods-RealEstateShorts/Pods-RealEstateShorts.debug.xcconfig"; sourceTree = "<group>"; };
		E9D72E8EBA709F02B0C4912A /* Pods-RealEstateShorts-RealEstateShortsUITests.release.xcconfig */ = {isa = PBXFileReference; includeInIndex = 1; lastKnownFileType = text.xcconfig; name = "Pods-RealEstateShorts-RealEstateShortsUITests.release.xcconfig"; path = "Target Support Files/Pods-RealEstateShorts-RealEstateShortsUITests/Pods-RealEstateShorts-RealEstateShortsUITests.release.xcconfig"; sourceTree = "<group>"; };
/* End PBXFileReference section */

/* Begin PBXFrameworksBuildPhase section */
		BA942EB4263D450200C9A092 /* Frameworks */ = {
			isa = PBXFrameworksBuildPhase;
			buildActionMask = 2147483647;
			files = (
				7C2B8D6AEBEB0B48CFC06C4F /* Pods_RealEstateShorts.framework in Frameworks */,
			);
			runOnlyForDeploymentPostprocessing = 0;
		};
		BA942ECD263D450C00C9A092 /* Frameworks */ = {
			isa = PBXFrameworksBuildPhase;
			buildActionMask = 2147483647;
			files = (
				9DA8AE439C4B437929B076E2 /* Pods_RealEstateShortsTests.framework in Frameworks */,
			);
			runOnlyForDeploymentPostprocessing = 0;
		};
		BA942ED8263D450C00C9A092 /* Frameworks */ = {
			isa = PBXFrameworksBuildPhase;
			buildActionMask = 2147483647;
			files = (
				CE847B3EE8FCEAF21DF78BC9 /* Pods_RealEstateShorts_RealEstateShortsUITests.framework in Frameworks */,
			);
			runOnlyForDeploymentPostprocessing = 0;
		};
/* End PBXFrameworksBuildPhase section */

/* Begin PBXGroup section */
		BA411569263FB284006F1E29 /* PlayFairDisplay */ = {
			isa = PBXGroup;
			children = (
				BA41156A263FB284006F1E29 /* PlayfairDisplay-Bold.ttf */,
				BA41156B263FB284006F1E29 /* PlayfairDisplay-SemiBold.ttf */,
				BA41156C263FB284006F1E29 /* PlayfairDisplay-Medium.ttf */,
				BA41156D263FB284006F1E29 /* PlayfairDisplay-BoldItalic.ttf */,
				BA41156E263FB284006F1E29 /* PlayfairDisplay-VariableFont_wght.ttf */,
				BA41156F263FB284006F1E29 /* PlayfairDisplay-ExtraBoldItalic.ttf */,
				BA411570263FB284006F1E29 /* PlayfairDisplay-Italic.ttf */,
				BA411571263FB284006F1E29 /* PlayfairDisplay-Regular.ttf */,
				BA411572263FB284006F1E29 /* PlayfairDisplay-Italic-VariableFont_wght.ttf */,
				BA411573263FB284006F1E29 /* PlayfairDisplay-Black.ttf */,
				BA411574263FB284006F1E29 /* PlayfairDisplay-SemiBoldItalic.ttf */,
				BA411575263FB284006F1E29 /* PlayfairDisplay-MediumItalic.ttf */,
				BA411576263FB284006F1E29 /* PlayfairDisplay-BlackItalic.ttf */,
				BA411577263FB284006F1E29 /* PlayfairDisplay-ExtraBold.ttf */,
			);
			path = PlayFairDisplay;
			sourceTree = "<group>";
		};
		BA942EAE263D450100C9A092 = {
			isa = PBXGroup;
			children = (
				BA942EB9263D450200C9A092 /* RealEstateShorts */,
				BA942ED3263D450C00C9A092 /* RealEstateShortsTests */,
				BA942EDE263D450C00C9A092 /* RealEstateShortsUITests */,
				BA942EB8263D450200C9A092 /* Products */,
				DA7A56A8F6DB26292A80AE03 /* Pods */,
				DDD51F3451956A2F58C89A4E /* Frameworks */,
			);
			sourceTree = "<group>";
		};
		BA942EB8263D450200C9A092 /* Products */ = {
			isa = PBXGroup;
			children = (
				BA942EB7263D450200C9A092 /* RealEstateShorts.app */,
				BA942ED0263D450C00C9A092 /* RealEstateShortsTests.xctest */,
				BA942EDB263D450C00C9A092 /* RealEstateShortsUITests.xctest */,
			);
			name = Products;
			sourceTree = "<group>";
		};
		BA942EB9263D450200C9A092 /* RealEstateShorts */ = {
			isa = PBXGroup;
			children = (
				BA942EBA263D450200C9A092 /* AppDelegate.swift */,
				BA942EBC263D450200C9A092 /* SceneDelegate.swift */,
				BA942EBE263D450200C9A092 /* ViewController.swift */,
				BA942EF2263D520E00C9A092 /* UIAnmation */,
				BA942EED263D45E900C9A092 /* Controllers */,
				BA942EC0263D450200C9A092 /* Main.storyboard */,
				BA942F12263D6E4500C9A092 /* DashBoard.storyboard */,
				BA942EC6263D450B00C9A092 /* Assets.xcassets */,
				BA942EC8263D450B00C9A092 /* LaunchScreen.storyboard */,
				BA942ECB263D450B00C9A092 /* Info.plist */,
				BA942EC3263D450200C9A092 /* RealEstateShorts.xcdatamodeld */,
			);
			path = RealEstateShorts;
			sourceTree = "<group>";
		};
		BA942ED3263D450C00C9A092 /* RealEstateShortsTests */ = {
			isa = PBXGroup;
			children = (
				BA942ED4263D450C00C9A092 /* RealEstateShortsTests.swift */,
				BA942ED6263D450C00C9A092 /* Info.plist */,
			);
			path = RealEstateShortsTests;
			sourceTree = "<group>";
		};
		BA942EDE263D450C00C9A092 /* RealEstateShortsUITests */ = {
			isa = PBXGroup;
			children = (
				BA942EDF263D450C00C9A092 /* RealEstateShortsUITests.swift */,
				BA942EE1263D450C00C9A092 /* Info.plist */,
			);
			path = RealEstateShortsUITests;
			sourceTree = "<group>";
		};
		BA942EED263D45E900C9A092 /* Controllers */ = {
			isa = PBXGroup;
			children = (
				BA942F2E263D73F700C9A092 /* DashBoard seen */,
				BA942F2D263D73E700C9A092 /* Auth seen */,
			);
			path = Controllers;
			sourceTree = "<group>";
		};
		BA942EF2263D520E00C9A092 /* UIAnmation */ = {
			isa = PBXGroup;
			children = (
				BA942EF6263D59E800C9A092 /* static2 */,
				BA942EF3263D523A00C9A092 /* ViewAnimation.swift */,
				BA411569263FB284006F1E29 /* PlayFairDisplay */,
			);
			path = UIAnmation;
			sourceTree = "<group>";
		};
		BA942EF6263D59E800C9A092 /* static2 */ = {
			isa = PBXGroup;
			children = (
				BA942EF7263D59E800C9A092 /* Sora-Thin.ttf */,
				BA942EF5263D59E800C9A092 /* Sora-VariableFont_wght.ttf */,
				BA942EF8263D59E800C9A092 /* Sora-ExtraBold.ttf */,
				BA942EF9263D59E900C9A092 /* Sora-Bold.ttf */,
				BA942EFA263D59E900C9A092 /* Sora-Light.ttf */,
				BA942EFB263D59E900C9A092 /* Sora-Regular.ttf */,
				BA942EFC263D59E900C9A092 /* Sora-Medium.ttf */,
				BA942EFD263D59E900C9A092 /* Sora-SemiBold.ttf */,
				BA942EFE263D59E900C9A092 /* Sora-ExtraLight.ttf */,
			);
			path = static2;
			sourceTree = "<group>";
		};
		BA942F2D263D73E700C9A092 /* Auth seen */ = {
			isa = PBXGroup;
			children = (
				BA942EEE263D460A00C9A092 /* LounchScreenVC.swift */,
				BA942EF0263D4C8C00C9A092 /* BaseScreenVC.swift */,
				BA942F08263D5C3F00C9A092 /* GuideSeenOneVC.swift */,
				BA942F0A263D5D0400C9A092 /* GuideSeenTwoVC.swift */,
				BA942F0C263D5F0300C9A092 /* GuideSeenThreeVC.swift */,
				BA942F0E263D608900C9A092 /* LoginseenVC.swift */,
				BA942F10263D6A2300C9A092 /* RegistartionseenVC.swift */,
			);
			path = "Auth seen";
			sourceTree = "<group>";
		};
		BA942F2E263D73F700C9A092 /* DashBoard seen */ = {
			isa = PBXGroup;
			children = (
				BA942F2F263D741700C9A092 /* HomeseenVC.swift */,
				BA942F31263D743700C9A092 /* BookMarkSeenVC.swift */,
				BA942F33263D745700C9A092 /* AccountSeenVC.swift */,
				BA942F35263D748300C9A092 /* TabBarVC.swift */,
				BA411586264018BA006F1E29 /* SearchScreenVC.swift */,
			);
			path = "DashBoard seen";
			sourceTree = "<group>";
		};
		DA7A56A8F6DB26292A80AE03 /* Pods */ = {
			isa = PBXGroup;
			children = (
				CEE55BD7FC3F5CC3FCFEC9AD /* Pods-RealEstateShorts.debug.xcconfig */,
				9ED346847F1D76ED8CB6C0F3 /* Pods-RealEstateShorts.release.xcconfig */,
				CCD7CAEC9AF45BB7F691AE01 /* Pods-RealEstateShorts-RealEstateShortsUITests.debug.xcconfig */,
				E9D72E8EBA709F02B0C4912A /* Pods-RealEstateShorts-RealEstateShortsUITests.release.xcconfig */,
				664005EF8DE73DD4A2C711AE /* Pods-RealEstateShortsTests.debug.xcconfig */,
				6813D18345370A77099FD3F8 /* Pods-RealEstateShortsTests.release.xcconfig */,
			);
			path = Pods;
			sourceTree = "<group>";
		};
		DDD51F3451956A2F58C89A4E /* Frameworks */ = {
			isa = PBXGroup;
			children = (
				75EA760BD8503FA8882BCAE6 /* Pods_RealEstateShorts.framework */,
				507787DB5360B4D4697C768E /* Pods_RealEstateShorts_RealEstateShortsUITests.framework */,
				2E93537ADED65269DFE5DB7C /* Pods_RealEstateShortsTests.framework */,
			);
			name = Frameworks;
			sourceTree = "<group>";
		};
/* End PBXGroup section */

/* Begin PBXNativeTarget section */
		BA942EB6263D450200C9A092 /* RealEstateShorts */ = {
			isa = PBXNativeTarget;
			buildConfigurationList = BA942EE4263D450C00C9A092 /* Build configuration list for PBXNativeTarget "RealEstateShorts" */;
			buildPhases = (
				D60C9EE4B8AF53B094EED585 /* [CP] Check Pods Manifest.lock */,
				BA942EB3263D450200C9A092 /* Sources */,
				BA942EB4263D450200C9A092 /* Frameworks */,
				BA942EB5263D450200C9A092 /* Resources */,
				669AFAA2F4BD9BA7A22D49BB /* [CP] Embed Pods Frameworks */,
			);
			buildRules = (
			);
			dependencies = (
			);
			name = RealEstateShorts;
			productName = RealEstateShorts;
			productReference = BA942EB7263D450200C9A092 /* RealEstateShorts.app */;
			productType = "com.apple.product-type.application";
		};
		BA942ECF263D450C00C9A092 /* RealEstateShortsTests */ = {
			isa = PBXNativeTarget;
			buildConfigurationList = BA942EE7263D450C00C9A092 /* Build configuration list for PBXNativeTarget "RealEstateShortsTests" */;
			buildPhases = (
				49F9D150D22D5BF966C5C80B /* [CP] Check Pods Manifest.lock */,
				BA942ECC263D450C00C9A092 /* Sources */,
				BA942ECD263D450C00C9A092 /* Frameworks */,
				BA942ECE263D450C00C9A092 /* Resources */,
			);
			buildRules = (
			);
			dependencies = (
				BA942ED2263D450C00C9A092 /* PBXTargetDependency */,
			);
			name = RealEstateShortsTests;
			productName = RealEstateShortsTests;
			productReference = BA942ED0263D450C00C9A092 /* RealEstateShortsTests.xctest */;
			productType = "com.apple.product-type.bundle.unit-test";
		};
		BA942EDA263D450C00C9A092 /* RealEstateShortsUITests */ = {
			isa = PBXNativeTarget;
			buildConfigurationList = BA942EEA263D450C00C9A092 /* Build configuration list for PBXNativeTarget "RealEstateShortsUITests" */;
			buildPhases = (
				C491BA2D0EE795520C076E7F /* [CP] Check Pods Manifest.lock */,
				BA942ED7263D450C00C9A092 /* Sources */,
				BA942ED8263D450C00C9A092 /* Frameworks */,
				BA942ED9263D450C00C9A092 /* Resources */,
				BAF63E29DA04F4DA7AC48563 /* [CP] Embed Pods Frameworks */,
			);
			buildRules = (
			);
			dependencies = (
				BA942EDD263D450C00C9A092 /* PBXTargetDependency */,
			);
			name = RealEstateShortsUITests;
			productName = RealEstateShortsUITests;
			productReference = BA942EDB263D450C00C9A092 /* RealEstateShortsUITests.xctest */;
			productType = "com.apple.product-type.bundle.ui-testing";
		};
/* End PBXNativeTarget section */

/* Begin PBXProject section */
		BA942EAF263D450100C9A092 /* Project object */ = {
			isa = PBXProject;
			attributes = {
				LastSwiftUpdateCheck = 1250;
				LastUpgradeCheck = 1250;
				TargetAttributes = {
					BA942EB6263D450200C9A092 = {
						CreatedOnToolsVersion = 12.5;
					};
					BA942ECF263D450C00C9A092 = {
						CreatedOnToolsVersion = 12.5;
						TestTargetID = BA942EB6263D450200C9A092;
					};
					BA942EDA263D450C00C9A092 = {
						CreatedOnToolsVersion = 12.5;
						TestTargetID = BA942EB6263D450200C9A092;
					};
				};
			};
			buildConfigurationList = BA942EB2263D450100C9A092 /* Build configuration list for PBXProject "RealEstateShorts" */;
			compatibilityVersion = "Xcode 9.3";
			developmentRegion = en;
			hasScannedForEncodings = 0;
			knownRegions = (
				en,
				Base,
			);
			mainGroup = BA942EAE263D450100C9A092;
			productRefGroup = BA942EB8263D450200C9A092 /* Products */;
			projectDirPath = "";
			projectRoot = "";
			targets = (
				BA942EB6263D450200C9A092 /* RealEstateShorts */,
				BA942ECF263D450C00C9A092 /* RealEstateShortsTests */,
				BA942EDA263D450C00C9A092 /* RealEstateShortsUITests */,
			);
		};
/* End PBXProject section */

/* Begin PBXResourcesBuildPhase section */
		BA942EB5263D450200C9A092 /* Resources */ = {
			isa = PBXResourcesBuildPhase;
			buildActionMask = 2147483647;
			files = (
				BA942F02263D59E900C9A092 /* Sora-Bold.ttf in Resources */,
				BA942F07263D59E900C9A092 /* Sora-ExtraLight.ttf in Resources */,
				BA41157B263FB284006F1E29 /* PlayfairDisplay-BoldItalic.ttf in Resources */,
				BA41157A263FB284006F1E29 /* PlayfairDisplay-Medium.ttf in Resources */,
				BA41157C263FB284006F1E29 /* PlayfairDisplay-VariableFont_wght.ttf in Resources */,
				BA411581263FB284006F1E29 /* PlayfairDisplay-Black.ttf in Resources */,
				BA411579263FB284006F1E29 /* PlayfairDisplay-SemiBold.ttf in Resources */,
				BA411584263FB284006F1E29 /* PlayfairDisplay-BlackItalic.ttf in Resources */,
				BA411583263FB284006F1E29 /* PlayfairDisplay-MediumItalic.ttf in Resources */,
				BA942F06263D59E900C9A092 /* Sora-SemiBold.ttf in Resources */,
				BA942ECA263D450B00C9A092 /* LaunchScreen.storyboard in Resources */,
				BA41157F263FB284006F1E29 /* PlayfairDisplay-Regular.ttf in Resources */,
				BA41157D263FB284006F1E29 /* PlayfairDisplay-ExtraBoldItalic.ttf in Resources */,
				BA411585263FB284006F1E29 /* PlayfairDisplay-ExtraBold.ttf in Resources */,
				BA942EC7263D450B00C9A092 /* Assets.xcassets in Resources */,
				BA942EFF263D59E900C9A092 /* Sora-VariableFont_wght.ttf in Resources */,
				BA942F03263D59E900C9A092 /* Sora-Light.ttf in Resources */,
				BA411582263FB284006F1E29 /* PlayfairDisplay-SemiBoldItalic.ttf in Resources */,
				BA942EC2263D450200C9A092 /* Main.storyboard in Resources */,
				BA411580263FB284006F1E29 /* PlayfairDisplay-Italic-VariableFont_wght.ttf in Resources */,
				BA411578263FB284006F1E29 /* PlayfairDisplay-Bold.ttf in Resources */,
				BA942F05263D59E900C9A092 /* Sora-Medium.ttf in Resources */,
				BA41157E263FB284006F1E29 /* PlayfairDisplay-Italic.ttf in Resources */,
				BA942F00263D59E900C9A092 /* Sora-Thin.ttf in Resources */,
				BA942F04263D59E900C9A092 /* Sora-Regular.ttf in Resources */,
				BA942F13263D6E4500C9A092 /* DashBoard.storyboard in Resources */,
				BA942F01263D59E900C9A092 /* Sora-ExtraBold.ttf in Resources */,
			);
			runOnlyForDeploymentPostprocessing = 0;
		};
		BA942ECE263D450C00C9A092 /* Resources */ = {
			isa = PBXResourcesBuildPhase;
			buildActionMask = 2147483647;
			files = (
			);
			runOnlyForDeploymentPostprocessing = 0;
		};
		BA942ED9263D450C00C9A092 /* Resources */ = {
			isa = PBXResourcesBuildPhase;
			buildActionMask = 2147483647;
			files = (
			);
			runOnlyForDeploymentPostprocessing = 0;
		};
/* End PBXResourcesBuildPhase section */

/* Begin PBXShellScriptBuildPhase section */
		49F9D150D22D5BF966C5C80B /* [CP] Check Pods Manifest.lock */ = {
			isa = PBXShellScriptBuildPhase;
			buildActionMask = 2147483647;
			files = (
			);
			inputFileListPaths = (
			);
			inputPaths = (
				"${PODS_PODFILE_DIR_PATH}/Podfile.lock",
				"${PODS_ROOT}/Manifest.lock",
			);
			name = "[CP] Check Pods Manifest.lock";
			outputFileListPaths = (
			);
			outputPaths = (
				"$(DERIVED_FILE_DIR)/Pods-RealEstateShortsTests-checkManifestLockResult.txt",
			);
			runOnlyForDeploymentPostprocessing = 0;
			shellPath = /bin/sh;
			shellScript = "diff \"${PODS_PODFILE_DIR_PATH}/Podfile.lock\" \"${PODS_ROOT}/Manifest.lock\" > /dev/null\nif [ $? != 0 ] ; then\n    # print error to STDERR\n    echo \"error: The sandbox is not in sync with the Podfile.lock. Run 'pod install' or update your CocoaPods installation.\" >&2\n    exit 1\nfi\n# This output is used by Xcode 'outputs' to avoid re-running this script phase.\necho \"SUCCESS\" > \"${SCRIPT_OUTPUT_FILE_0}\"\n";
			showEnvVarsInLog = 0;
		};
		669AFAA2F4BD9BA7A22D49BB /* [CP] Embed Pods Frameworks */ = {
			isa = PBXShellScriptBuildPhase;
			buildActionMask = 2147483647;
			files = (
			);
			inputFileListPaths = (
				"${PODS_ROOT}/Target Support Files/Pods-RealEstateShorts/Pods-RealEstateShorts-frameworks-${CONFIGURATION}-input-files.xcfilelist",
			);
			name = "[CP] Embed Pods Frameworks";
			outputFileListPaths = (
				"${PODS_ROOT}/Target Support Files/Pods-RealEstateShorts/Pods-RealEstateShorts-frameworks-${CONFIGURATION}-output-files.xcfilelist",
			);
			runOnlyForDeploymentPostprocessing = 0;
			shellPath = /bin/sh;
			shellScript = "\"${PODS_ROOT}/Target Support Files/Pods-RealEstateShorts/Pods-RealEstateShorts-frameworks.sh\"\n";
			showEnvVarsInLog = 0;
		};
		BAF63E29DA04F4DA7AC48563 /* [CP] Embed Pods Frameworks */ = {
			isa = PBXShellScriptBuildPhase;
			buildActionMask = 2147483647;
			files = (
			);
			inputFileListPaths = (
				"${PODS_ROOT}/Target Support Files/Pods-RealEstateShorts-RealEstateShortsUITests/Pods-RealEstateShorts-RealEstateShortsUITests-frameworks-${CONFIGURATION}-input-files.xcfilelist",
			);
			name = "[CP] Embed Pods Frameworks";
			outputFileListPaths = (
				"${PODS_ROOT}/Target Support Files/Pods-RealEstateShorts-RealEstateShortsUITests/Pods-RealEstateShorts-RealEstateShortsUITests-frameworks-${CONFIGURATION}-output-files.xcfilelist",
			);
			runOnlyForDeploymentPostprocessing = 0;
			shellPath = /bin/sh;
			shellScript = "\"${PODS_ROOT}/Target Support Files/Pods-RealEstateShorts-RealEstateShortsUITests/Pods-RealEstateShorts-RealEstateShortsUITests-frameworks.sh\"\n";
			showEnvVarsInLog = 0;
		};
		C491BA2D0EE795520C076E7F /* [CP] Check Pods Manifest.lock */ = {
			isa = PBXShellScriptBuildPhase;
			buildActionMask = 2147483647;
			files = (
			);
			inputFileListPaths = (
			);
			inputPaths = (
				"${PODS_PODFILE_DIR_PATH}/Podfile.lock",
				"${PODS_ROOT}/Manifest.lock",
			);
			name = "[CP] Check Pods Manifest.lock";
			outputFileListPaths = (
			);
			outputPaths = (
				"$(DERIVED_FILE_DIR)/Pods-RealEstateShorts-RealEstateShortsUITests-checkManifestLockResult.txt",
			);
			runOnlyForDeploymentPostprocessing = 0;
			shellPath = /bin/sh;
			shellScript = "diff \"${PODS_PODFILE_DIR_PATH}/Podfile.lock\" \"${PODS_ROOT}/Manifest.lock\" > /dev/null\nif [ $? != 0 ] ; then\n    # print error to STDERR\n    echo \"error: The sandbox is not in sync with the Podfile.lock. Run 'pod install' or update your CocoaPods installation.\" >&2\n    exit 1\nfi\n# This output is used by Xcode 'outputs' to avoid re-running this script phase.\necho \"SUCCESS\" > \"${SCRIPT_OUTPUT_FILE_0}\"\n";
			showEnvVarsInLog = 0;
		};
		D60C9EE4B8AF53B094EED585 /* [CP] Check Pods Manifest.lock */ = {
			isa = PBXShellScriptBuildPhase;
			buildActionMask = 2147483647;
			files = (
			);
			inputFileListPaths = (
			);
			inputPaths = (
				"${PODS_PODFILE_DIR_PATH}/Podfile.lock",
				"${PODS_ROOT}/Manifest.lock",
			);
			name = "[CP] Check Pods Manifest.lock";
			outputFileListPaths = (
			);
			outputPaths = (
				"$(DERIVED_FILE_DIR)/Pods-RealEstateShorts-checkManifestLockResult.txt",
			);
			runOnlyForDeploymentPostprocessing = 0;
			shellPath = /bin/sh;
			shellScript = "diff \"${PODS_PODFILE_DIR_PATH}/Podfile.lock\" \"${PODS_ROOT}/Manifest.lock\" > /dev/null\nif [ $? != 0 ] ; then\n    # print error to STDERR\n    echo \"error: The sandbox is not in sync with the Podfile.lock. Run 'pod install' or update your CocoaPods installation.\" >&2\n    exit 1\nfi\n# This output is used by Xcode 'outputs' to avoid re-running this script phase.\necho \"SUCCESS\" > \"${SCRIPT_OUTPUT_FILE_0}\"\n";
			showEnvVarsInLog = 0;
		};
/* End PBXShellScriptBuildPhase section */

/* Begin PBXSourcesBuildPhase section */
		BA942EB3263D450200C9A092 /* Sources */ = {
			isa = PBXSourcesBuildPhase;
			buildActionMask = 2147483647;
			files = (
				BA942EBF263D450200C9A092 /* ViewController.swift in Sources */,
				BA942EF4263D523A00C9A092 /* ViewAnimation.swift in Sources */,
				BA942F30263D741700C9A092 /* HomeseenVC.swift in Sources */,
				BA942EF1263D4C8D00C9A092 /* BaseScreenVC.swift in Sources */,
				BA942F09263D5C3F00C9A092 /* GuideSeenOneVC.swift in Sources */,
				BA942EBB263D450200C9A092 /* AppDelegate.swift in Sources */,
				BA942EC5263D450200C9A092 /* RealEstateShorts.xcdatamodeld in Sources */,
				BA411587264018BB006F1E29 /* SearchScreenVC.swift in Sources */,
				BA942F11263D6A2300C9A092 /* RegistartionseenVC.swift in Sources */,
				BA942F0B263D5D0400C9A092 /* GuideSeenTwoVC.swift in Sources */,
				BA942F34263D745700C9A092 /* AccountSeenVC.swift in Sources */,
				BA942F32263D743700C9A092 /* BookMarkSeenVC.swift in Sources */,
				BA942EBD263D450200C9A092 /* SceneDelegate.swift in Sources */,
				BA942EEF263D460A00C9A092 /* LounchScreenVC.swift in Sources */,
				BA942F0D263D5F0300C9A092 /* GuideSeenThreeVC.swift in Sources */,
				BA942F36263D748300C9A092 /* TabBarVC.swift in Sources */,
				BA942F0F263D608900C9A092 /* LoginseenVC.swift in Sources */,
			);
			runOnlyForDeploymentPostprocessing = 0;
		};
		BA942ECC263D450C00C9A092 /* Sources */ = {
			isa = PBXSourcesBuildPhase;
			buildActionMask = 2147483647;
			files = (
				BA942ED5263D450C00C9A092 /* RealEstateShortsTests.swift in Sources */,
			);
			runOnlyForDeploymentPostprocessing = 0;
		};
		BA942ED7263D450C00C9A092 /* Sources */ = {
			isa = PBXSourcesBuildPhase;
			buildActionMask = 2147483647;
			files = (
				BA942EE0263D450C00C9A092 /* RealEstateShortsUITests.swift in Sources */,
			);
			runOnlyForDeploymentPostprocessing = 0;
		};
/* End PBXSourcesBuildPhase section */

/* Begin PBXTargetDependency section */
		BA942ED2263D450C00C9A092 /* PBXTargetDependency */ = {
			isa = PBXTargetDependency;
			target = BA942EB6263D450200C9A092 /* RealEstateShorts */;
			targetProxy = BA942ED1263D450C00C9A092 /* PBXContainerItemProxy */;
		};
		BA942EDD263D450C00C9A092 /* PBXTargetDependency */ = {
			isa = PBXTargetDependency;
			target = BA942EB6263D450200C9A092 /* RealEstateShorts */;
			targetProxy = BA942EDC263D450C00C9A092 /* PBXContainerItemProxy */;
		};
/* End PBXTargetDependency section */

/* Begin PBXVariantGroup section */
		BA942EC0263D450200C9A092 /* Main.storyboard */ = {
			isa = PBXVariantGroup;
			children = (
				BA942EC1263D450200C9A092 /* Base */,
			);
			name = Main.storyboard;
			sourceTree = "<group>";
		};
		BA942EC8263D450B00C9A092 /* LaunchScreen.storyboard */ = {
			isa = PBXVariantGroup;
			children = (
				BA942EC9263D450B00C9A092 /* Base */,
			);
			name = LaunchScreen.storyboard;
			sourceTree = "<group>";
		};
/* End PBXVariantGroup section */

/* Begin XCBuildConfiguration section */
		BA942EE2263D450C00C9A092 /* Debug */ = {
			isa = XCBuildConfiguration;
			buildSettings = {
				ALWAYS_SEARCH_USER_PATHS = NO;
				CLANG_ANALYZER_NONNULL = YES;
				CLANG_ANALYZER_NUMBER_OBJECT_CONVERSION = YES_AGGRESSIVE;
				CLANG_CXX_LANGUAGE_STANDARD = "gnu++14";
				CLANG_CXX_LIBRARY = "libc++";
				CLANG_ENABLE_MODULES = YES;
				CLANG_ENABLE_OBJC_ARC = YES;
				CLANG_ENABLE_OBJC_WEAK = YES;
				CLANG_WARN_BLOCK_CAPTURE_AUTORELEASING = YES;
				CLANG_WARN_BOOL_CONVERSION = YES;
				CLANG_WARN_COMMA = YES;
				CLANG_WARN_CONSTANT_CONVERSION = YES;
				CLANG_WARN_DEPRECATED_OBJC_IMPLEMENTATIONS = YES;
				CLANG_WARN_DIRECT_OBJC_ISA_USAGE = YES_ERROR;
				CLANG_WARN_DOCUMENTATION_COMMENTS = YES;
				CLANG_WARN_EMPTY_BODY = YES;
				CLANG_WARN_ENUM_CONVERSION = YES;
				CLANG_WARN_INFINITE_RECURSION = YES;
				CLANG_WARN_INT_CONVERSION = YES;
				CLANG_WARN_NON_LITERAL_NULL_CONVERSION = YES;
				CLANG_WARN_OBJC_IMPLICIT_RETAIN_SELF = YES;
				CLANG_WARN_OBJC_LITERAL_CONVERSION = YES;
				CLANG_WARN_OBJC_ROOT_CLASS = YES_ERROR;
				CLANG_WARN_QUOTED_INCLUDE_IN_FRAMEWORK_HEADER = YES;
				CLANG_WARN_RANGE_LOOP_ANALYSIS = YES;
				CLANG_WARN_STRICT_PROTOTYPES = YES;
				CLANG_WARN_SUSPICIOUS_MOVE = YES;
				CLANG_WARN_UNGUARDED_AVAILABILITY = YES_AGGRESSIVE;
				CLANG_WARN_UNREACHABLE_CODE = YES;
				CLANG_WARN__DUPLICATE_METHOD_MATCH = YES;
				COPY_PHASE_STRIP = NO;
				DEBUG_INFORMATION_FORMAT = dwarf;
				ENABLE_STRICT_OBJC_MSGSEND = YES;
				ENABLE_TESTABILITY = YES;
				GCC_C_LANGUAGE_STANDARD = gnu11;
				GCC_DYNAMIC_NO_PIC = NO;
				GCC_NO_COMMON_BLOCKS = YES;
				GCC_OPTIMIZATION_LEVEL = 0;
				GCC_PREPROCESSOR_DEFINITIONS = (
					"DEBUG=1",
					"$(inherited)",
				);
				GCC_WARN_64_TO_32_BIT_CONVERSION = YES;
				GCC_WARN_ABOUT_RETURN_TYPE = YES_ERROR;
				GCC_WARN_UNDECLARED_SELECTOR = YES;
				GCC_WARN_UNINITIALIZED_AUTOS = YES_AGGRESSIVE;
				GCC_WARN_UNUSED_FUNCTION = YES;
				GCC_WARN_UNUSED_VARIABLE = YES;
				IPHONEOS_DEPLOYMENT_TARGET = 14.5;
				MTL_ENABLE_DEBUG_INFO = INCLUDE_SOURCE;
				MTL_FAST_MATH = YES;
				ONLY_ACTIVE_ARCH = YES;
				SDKROOT = iphoneos;
				SWIFT_ACTIVE_COMPILATION_CONDITIONS = DEBUG;
				SWIFT_OPTIMIZATION_LEVEL = "-Onone";
			};
			name = Debug;
		};
		BA942EE3263D450C00C9A092 /* Release */ = {
			isa = XCBuildConfiguration;
			buildSettings = {
				ALWAYS_SEARCH_USER_PATHS = NO;
				CLANG_ANALYZER_NONNULL = YES;
				CLANG_ANALYZER_NUMBER_OBJECT_CONVERSION = YES_AGGRESSIVE;
				CLANG_CXX_LANGUAGE_STANDARD = "gnu++14";
				CLANG_CXX_LIBRARY = "libc++";
				CLANG_ENABLE_MODULES = YES;
				CLANG_ENABLE_OBJC_ARC = YES;
				CLANG_ENABLE_OBJC_WEAK = YES;
				CLANG_WARN_BLOCK_CAPTURE_AUTORELEASING = YES;
				CLANG_WARN_BOOL_CONVERSION = YES;
				CLANG_WARN_COMMA = YES;
				CLANG_WARN_CONSTANT_CONVERSION = YES;
				CLANG_WARN_DEPRECATED_OBJC_IMPLEMENTATIONS = YES;
				CLANG_WARN_DIRECT_OBJC_ISA_USAGE = YES_ERROR;
				CLANG_WARN_DOCUMENTATION_COMMENTS = YES;
				CLANG_WARN_EMPTY_BODY = YES;
				CLANG_WARN_ENUM_CONVERSION = YES;
				CLANG_WARN_INFINITE_RECURSION = YES;
				CLANG_WARN_INT_CONVERSION = YES;
				CLANG_WARN_NON_LITERAL_NULL_CONVERSION = YES;
				CLANG_WARN_OBJC_IMPLICIT_RETAIN_SELF = YES;
				CLANG_WARN_OBJC_LITERAL_CONVERSION = YES;
				CLANG_WARN_OBJC_ROOT_CLASS = YES_ERROR;
				CLANG_WARN_QUOTED_INCLUDE_IN_FRAMEWORK_HEADER = YES;
				CLANG_WARN_RANGE_LOOP_ANALYSIS = YES;
				CLANG_WARN_STRICT_PROTOTYPES = YES;
				CLANG_WARN_SUSPICIOUS_MOVE = YES;
				CLANG_WARN_UNGUARDED_AVAILABILITY = YES_AGGRESSIVE;
				CLANG_WARN_UNREACHABLE_CODE = YES;
				CLANG_WARN__DUPLICATE_METHOD_MATCH = YES;
				COPY_PHASE_STRIP = NO;
				DEBUG_INFORMATION_FORMAT = "dwarf-with-dsym";
				ENABLE_NS_ASSERTIONS = NO;
				ENABLE_STRICT_OBJC_MSGSEND = YES;
				GCC_C_LANGUAGE_STANDARD = gnu11;
				GCC_NO_COMMON_BLOCKS = YES;
				GCC_WARN_64_TO_32_BIT_CONVERSION = YES;
				GCC_WARN_ABOUT_RETURN_TYPE = YES_ERROR;
				GCC_WARN_UNDECLARED_SELECTOR = YES;
				GCC_WARN_UNINITIALIZED_AUTOS = YES_AGGRESSIVE;
				GCC_WARN_UNUSED_FUNCTION = YES;
				GCC_WARN_UNUSED_VARIABLE = YES;
				IPHONEOS_DEPLOYMENT_TARGET = 14.5;
				MTL_ENABLE_DEBUG_INFO = NO;
				MTL_FAST_MATH = YES;
				SDKROOT = iphoneos;
				SWIFT_COMPILATION_MODE = wholemodule;
				SWIFT_OPTIMIZATION_LEVEL = "-O";
				VALIDATE_PRODUCT = YES;
			};
			name = Release;
		};
		BA942EE5263D450C00C9A092 /* Debug */ = {
			isa = XCBuildConfiguration;
			baseConfigurationReference = CEE55BD7FC3F5CC3FCFEC9AD /* Pods-RealEstateShorts.debug.xcconfig */;
			buildSettings = {
				ASSETCATALOG_COMPILER_APPICON_NAME = AppIcon;
				ASSETCATALOG_COMPILER_GLOBAL_ACCENT_COLOR_NAME = AccentColor;
				CODE_SIGN_STYLE = Automatic;
				DEVELOPMENT_TEAM = DK293KP9NY;
				INFOPLIST_FILE = RealEstateShorts/Info.plist;
				LD_RUNPATH_SEARCH_PATHS = (
					"$(inherited)",
					"@executable_path/Frameworks",
				);
				PRODUCT_BUNDLE_IDENTIFIER = Rajesh.RealEstateShorts;
				PRODUCT_NAME = "$(TARGET_NAME)";
				SWIFT_VERSION = 5.0;
				TARGETED_DEVICE_FAMILY = "1,2";
			};
			name = Debug;
		};
		BA942EE6263D450C00C9A092 /* Release */ = {
			isa = XCBuildConfiguration;
			baseConfigurationReference = 9ED346847F1D76ED8CB6C0F3 /* Pods-RealEstateShorts.release.xcconfig */;
			buildSettings = {
				ASSETCATALOG_COMPILER_APPICON_NAME = AppIcon;
				ASSETCATALOG_COMPILER_GLOBAL_ACCENT_COLOR_NAME = AccentColor;
				CODE_SIGN_STYLE = Automatic;
				DEVELOPMENT_TEAM = DK293KP9NY;
				INFOPLIST_FILE = RealEstateShorts/Info.plist;
				LD_RUNPATH_SEARCH_PATHS = (
					"$(inherited)",
					"@executable_path/Frameworks",
				);
				PRODUCT_BUNDLE_IDENTIFIER = Rajesh.RealEstateShorts;
				PRODUCT_NAME = "$(TARGET_NAME)";
				SWIFT_VERSION = 5.0;
				TARGETED_DEVICE_FAMILY = "1,2";
			};
			name = Release;
		};
		BA942EE8263D450C00C9A092 /* Debug */ = {
			isa = XCBuildConfiguration;
			baseConfigurationReference = 664005EF8DE73DD4A2C711AE /* Pods-RealEstateShortsTests.debug.xcconfig */;
			buildSettings = {
				ALWAYS_EMBED_SWIFT_STANDARD_LIBRARIES = YES;
				BUNDLE_LOADER = "$(TEST_HOST)";
				CODE_SIGN_STYLE = Automatic;
				DEVELOPMENT_TEAM = DK293KP9NY;
				INFOPLIST_FILE = RealEstateShortsTests/Info.plist;
				IPHONEOS_DEPLOYMENT_TARGET = 14.5;
				LD_RUNPATH_SEARCH_PATHS = (
					"$(inherited)",
					"@executable_path/Frameworks",
					"@loader_path/Frameworks",
				);
				PRODUCT_BUNDLE_IDENTIFIER = Rajesh.RealEstateShortsTests;
				PRODUCT_NAME = "$(TARGET_NAME)";
				SWIFT_VERSION = 5.0;
				TARGETED_DEVICE_FAMILY = "1,2";
				TEST_HOST = "$(BUILT_PRODUCTS_DIR)/RealEstateShorts.app/RealEstateShorts";
			};
			name = Debug;
		};
		BA942EE9263D450C00C9A092 /* Release */ = {
			isa = XCBuildConfiguration;
			baseConfigurationReference = 6813D18345370A77099FD3F8 /* Pods-RealEstateShortsTests.release.xcconfig */;
			buildSettings = {
				ALWAYS_EMBED_SWIFT_STANDARD_LIBRARIES = YES;
				BUNDLE_LOADER = "$(TEST_HOST)";
				CODE_SIGN_STYLE = Automatic;
				DEVELOPMENT_TEAM = DK293KP9NY;
				INFOPLIST_FILE = RealEstateShortsTests/Info.plist;
				IPHONEOS_DEPLOYMENT_TARGET = 14.5;
				LD_RUNPATH_SEARCH_PATHS = (
					"$(inherited)",
					"@executable_path/Frameworks",
					"@loader_path/Frameworks",
				);
				PRODUCT_BUNDLE_IDENTIFIER = Rajesh.RealEstateShortsTests;
				PRODUCT_NAME = "$(TARGET_NAME)";
				SWIFT_VERSION = 5.0;
				TARGETED_DEVICE_FAMILY = "1,2";
				TEST_HOST = "$(BUILT_PRODUCTS_DIR)/RealEstateShorts.app/RealEstateShorts";
			};
			name = Release;
		};
		BA942EEB263D450C00C9A092 /* Debug */ = {
			isa = XCBuildConfiguration;
			baseConfigurationReference = CCD7CAEC9AF45BB7F691AE01 /* Pods-RealEstateShorts-RealEstateShortsUITests.debug.xcconfig */;
			buildSettings = {
				ALWAYS_EMBED_SWIFT_STANDARD_LIBRARIES = YES;
				CODE_SIGN_STYLE = Automatic;
				DEVELOPMENT_TEAM = DK293KP9NY;
				INFOPLIST_FILE = RealEstateShortsUITests/Info.plist;
				LD_RUNPATH_SEARCH_PATHS = (
					"$(inherited)",
					"@executable_path/Frameworks",
					"@loader_path/Frameworks",
				);
				PRODUCT_BUNDLE_IDENTIFIER = Rajesh.RealEstateShortsUITests;
				PRODUCT_NAME = "$(TARGET_NAME)";
				SWIFT_VERSION = 5.0;
				TARGETED_DEVICE_FAMILY = "1,2";
				TEST_TARGET_NAME = RealEstateShorts;
			};
			name = Debug;
		};
		BA942EEC263D450C00C9A092 /* Release */ = {
			isa = XCBuildConfiguration;
			baseConfigurationReference = E9D72E8EBA709F02B0C4912A /* Pods-RealEstateShorts-RealEstateShortsUITests.release.xcconfig */;
			buildSettings = {
				ALWAYS_EMBED_SWIFT_STANDARD_LIBRARIES = YES;
				CODE_SIGN_STYLE = Automatic;
				DEVELOPMENT_TEAM = DK293KP9NY;
				INFOPLIST_FILE = RealEstateShortsUITests/Info.plist;
				LD_RUNPATH_SEARCH_PATHS = (
					"$(inherited)",
					"@executable_path/Frameworks",
					"@loader_path/Frameworks",
				);
				PRODUCT_BUNDLE_IDENTIFIER = Rajesh.RealEstateShortsUITests;
				PRODUCT_NAME = "$(TARGET_NAME)";
				SWIFT_VERSION = 5.0;
				TARGETED_DEVICE_FAMILY = "1,2";
				TEST_TARGET_NAME = RealEstateShorts;
			};
			name = Release;
		};
/* End XCBuildConfiguration section */

/* Begin XCConfigurationList section */
		BA942EB2263D450100C9A092 /* Build configuration list for PBXProject "RealEstateShorts" */ = {
			isa = XCConfigurationList;
			buildConfigurations = (
				BA942EE2263D450C00C9A092 /* Debug */,
				BA942EE3263D450C00C9A092 /* Release */,
			);
			defaultConfigurationIsVisible = 0;
			defaultConfigurationName = Release;
		};
		BA942EE4263D450C00C9A092 /* Build configuration list for PBXNativeTarget "RealEstateShorts" */ = {
			isa = XCConfigurationList;
			buildConfigurations = (
				BA942EE5263D450C00C9A092 /* Debug */,
				BA942EE6263D450C00C9A092 /* Release */,
			);
			defaultConfigurationIsVisible = 0;
			defaultConfigurationName = Release;
		};
		BA942EE7263D450C00C9A092 /* Build configuration list for PBXNativeTarget "RealEstateShortsTests" */ = {
			isa = XCConfigurationList;
			buildConfigurations = (
				BA942EE8263D450C00C9A092 /* Debug */,
				BA942EE9263D450C00C9A092 /* Release */,
			);
			defaultConfigurationIsVisible = 0;
			defaultConfigurationName = Release;
		};
		BA942EEA263D450C00C9A092 /* Build configuration list for PBXNativeTarget "RealEstateShortsUITests" */ = {
			isa = XCConfigurationList;
			buildConfigurations = (
				BA942EEB263D450C00C9A092 /* Debug */,
				BA942EEC263D450C00C9A092 /* Release */,
			);
			defaultConfigurationIsVisible = 0;
			defaultConfigurationName = Release;
		};
/* End XCConfigurationList section */

/* Begin XCVersionGroup section */
		BA942EC3263D450200C9A092 /* RealEstateShorts.xcdatamodeld */ = {
			isa = XCVersionGroup;
			children = (
				BA942EC4263D450200C9A092 /* RealEstateShorts.xcdatamodel */,
			);
			currentVersion = BA942EC4263D450200C9A092 /* RealEstateShorts.xcdatamodel */;
			path = RealEstateShorts.xcdatamodeld;
			sourceTree = "<group>";
			versionGroupType = wrapper.xcdatamodel;
		};
/* End XCVersionGroup section */
	};
	rootObject = BA942EAF263D450100C9A092 /* Project object */;
}
